github.com/felixge/httpsnoop v1.0.1 h1:lvB5Jl89CsZtGIWuTcDM1E/vkVs49/Ml7JJe07l8SPQ=
github.com/felixge/httpsnoop v1.0.1/go.mod h1:m8KPJKqk1gH5J9DgRY2ASl2lWCfGKXixSwevea8zH2U=
github.com/gorilla/handlers v1.5.1-0.20200831182838-d453effd20e6 h1:lGFk4JbytimxbRZxB2q3r3ATPQaEZNjb/G3onneON40=
github.com/gorilla/handlers v1.5.1-0.20200831182838-d453effd20e6/go.mod h1:t8XrUpc4KVXb7HGyJ4/cEnwQiaxrX/hz1Zv/4g96P1Q=
